// !$*UTF8*$!
{
	archiveVersion = 1;
	classes = {
	};
	objectVersion = 46;
	objects = {

/* Begin PBXBuildFile section */
		EF16EE741D727C7C00154DB3 /* CollectionViewController.swift in Sources */ = {isa = PBXBuildFile; fileRef = EF16EE731D727C7C00154DB3 /* CollectionViewController.swift */; };
		EF16EE761D727C8D00154DB3 /* FirstLaunchViewController.swift in Sources */ = {isa = PBXBuildFile; fileRef = EF16EE751D727C8D00154DB3 /* FirstLaunchViewController.swift */; };
		EF16EE781D727C9B00154DB3 /* PhotoViewController.swift in Sources */ = {isa = PBXBuildFile; fileRef = EF16EE771D727C9B00154DB3 /* PhotoViewController.swift */; };
		EF16EE7A1D727CF500154DB3 /* MenuViewController.swift in Sources */ = {isa = PBXBuildFile; fileRef = EF16EE791D727CF500154DB3 /* MenuViewController.swift */; };
		EFC809821D71460100CBBBAA /* AppDelegate.swift in Sources */ = {isa = PBXBuildFile; fileRef = EFC809811D71460100CBBBAA /* AppDelegate.swift */; };
		EFC809841D71460100CBBBAA /* ViewController.swift in Sources */ = {isa = PBXBuildFile; fileRef = EFC809831D71460100CBBBAA /* ViewController.swift */; };
		EFC809871D71460100CBBBAA /* Main.storyboard in Resources */ = {isa = PBXBuildFile; fileRef = EFC809851D71460100CBBBAA /* Main.storyboard */; };
		EFC8098A1D71460100CBBBAA /* shar_animals.xcdatamodeld in Sources */ = {isa = PBXBuildFile; fileRef = EFC809881D71460100CBBBAA /* shar_animals.xcdatamodeld */; };
		EFC8098C1D71460100CBBBAA /* Assets.xcassets in Resources */ = {isa = PBXBuildFile; fileRef = EFC8098B1D71460100CBBBAA /* Assets.xcassets */; };
		EFC8098F1D71460100CBBBAA /* LaunchScreen.storyboard in Resources */ = {isa = PBXBuildFile; fileRef = EFC8098D1D71460100CBBBAA /* LaunchScreen.storyboard */; };
/* End PBXBuildFile section */

/* Begin PBXFileReference section */
		EF16EE731D727C7C00154DB3 /* CollectionViewController.swift */ = {isa = PBXFileReference; fileEncoding = 4; lastKnownFileType = sourcecode.swift; path = CollectionViewController.swift; sourceTree = "<group>"; };
		EF16EE751D727C8D00154DB3 /* FirstLaunchViewController.swift */ = {isa = PBXFileReference; fileEncoding = 4; lastKnownFileType = sourcecode.swift; path = FirstLaunchViewController.swift; sourceTree = "<group>"; };
		EF16EE771D727C9B00154DB3 /* PhotoViewController.swift */ = {isa = PBXFileReference; fileEncoding = 4; lastKnownFileType = sourcecode.swift; path = PhotoViewController.swift; sourceTree = "<group>"; };
		EF16EE791D727CF500154DB3 /* MenuViewController.swift */ = {isa = PBXFileReference; fileEncoding = 4; lastKnownFileType = sourcecode.swift; path = MenuViewController.swift; sourceTree = "<group>"; };
		EFC8097E1D71460100CBBBAA /* shar-animals.app */ = {isa = PBXFileReference; explicitFileType = wrapper.application; includeInIndex = 0; path = "shar-animals.app"; sourceTree = BUILT_PRODUCTS_DIR; };
		EFC809811D71460100CBBBAA /* AppDelegate.swift */ = {isa = PBXFileReference; lastKnownFileType = sourcecode.swift; path = AppDelegate.swift; sourceTree = "<group>"; };
		EFC809831D71460100CBBBAA /* ViewController.swift */ = {isa = PBXFileReference; lastKnownFileType = sourcecode.swift; path = ViewController.swift; sourceTree = "<group>"; };
		EFC809861D71460100CBBBAA /* Base */ = {isa = PBXFileReference; lastKnownFileType = file.storyboard; name = Base; path = Base.lproj/Main.storyboard; sourceTree = "<group>"; };
		EFC809891D71460100CBBBAA /* shar_animals.xcdatamodel */ = {isa = PBXFileReference; lastKnownFileType = wrapper.xcdatamodel; path = shar_animals.xcdatamodel; sourceTree = "<group>"; };
		EFC8098B1D71460100CBBBAA /* Assets.xcassets */ = {isa = PBXFileReference; lastKnownFileType = folder.assetcatalog; path = Assets.xcassets; sourceTree = "<group>"; };
		EFC8098E1D71460100CBBBAA /* Base */ = {isa = PBXFileReference; lastKnownFileType = file.storyboard; name = Base; path = Base.lproj/LaunchScreen.storyboard; sourceTree = "<group>"; };
		EFC809901D71460100CBBBAA /* Info.plist */ = {isa = PBXFileReference; lastKnownFileType = text.plist.xml; path = Info.plist; sourceTree = "<group>"; };
/* End PBXFileReference section */

/* Begin PBXFrameworksBuildPhase section */
		EFC8097B1D71460100CBBBAA /* Frameworks */ = {
			isa = PBXFrameworksBuildPhase;
			buildActionMask = 2147483647;
			files = (
			);
			runOnlyForDeploymentPostprocessing = 0;
		};
/* End PBXFrameworksBuildPhase section */

/* Begin PBXGroup section */
		EFC809751D71460000CBBBAA = {
			isa = PBXGroup;
			children = (
				EFC809801D71460100CBBBAA /* shar-animals */,
				EFC8097F1D71460100CBBBAA /* Products */,
			);
			sourceTree = "<group>";
		};
		EFC8097F1D71460100CBBBAA /* Products */ = {
			isa = PBXGroup;
			children = (
				EFC8097E1D71460100CBBBAA /* shar-animals.app */,
			);
			name = Products;
			sourceTree = "<group>";
		};
		EFC809801D71460100CBBBAA /* shar-animals */ = {
			isa = PBXGroup;
			children = (
				EFC809811D71460100CBBBAA /* AppDelegate.swift */,
				EFC809831D71460100CBBBAA /* ViewController.swift */,
				EFC809851D71460100CBBBAA /* Main.storyboard */,
				EFC8098B1D71460100CBBBAA /* Assets.xcassets */,
				EFC8098D1D71460100CBBBAA /* LaunchScreen.storyboard */,
				EFC809901D71460100CBBBAA /* Info.plist */,
				EFC809881D71460100CBBBAA /* shar_animals.xcdatamodeld */,
				EF16EE731D727C7C00154DB3 /* CollectionViewController.swift */,
				EF16EE751D727C8D00154DB3 /* FirstLaunchViewController.swift */,
				EF16EE771D727C9B00154DB3 /* PhotoViewController.swift */,
				EF16EE791D727CF500154DB3 /* MenuViewController.swift */,
			);
			path = "shar-animals";
			sourceTree = "<group>";
		};
/* End PBXGroup section */

/* Begin PBXNativeTarget section */
		EFC8097D1D71460100CBBBAA /* shar-animals */ = {
			isa = PBXNativeTarget;
			buildConfigurationList = EFC809931D71460100CBBBAA /* Build configuration list for PBXNativeTarget "shar-animals" */;
			buildPhases = (
				EFC8097A1D71460100CBBBAA /* Sources */,
				EFC8097B1D71460100CBBBAA /* Frameworks */,
				EFC8097C1D71460100CBBBAA /* Resources */,
			);
			buildRules = (
			);
			dependencies = (
			);
			name = "shar-animals";
			productName = "shar-animals";
			productReference = EFC8097E1D71460100CBBBAA /* shar-animals.app */;
			productType = "com.apple.product-type.application";
		};
/* End PBXNativeTarget section */

/* Begin PBXProject section */
		EFC809761D71460000CBBBAA /* Project object */ = {
			isa = PBXProject;
			attributes = {
				LastSwiftUpdateCheck = 0730;
				LastUpgradeCheck = 0730;
				ORGANIZATIONNAME = "Brendan Hodkinson";
				TargetAttributes = {
					EFC8097D1D71460100CBBBAA = {
						CreatedOnToolsVersion = 7.3.1;
					};
				};
			};
			buildConfigurationList = EFC809791D71460000CBBBAA /* Build configuration list for PBXProject "shar-animals" */;
			compatibilityVersion = "Xcode 3.2";
			developmentRegion = English;
			hasScannedForEncodings = 0;
			knownRegions = (
				en,
				Base,
			);
			mainGroup = EFC809751D71460000CBBBAA;
			productRefGroup = EFC8097F1D71460100CBBBAA /* Products */;
			projectDirPath = "";
			projectRoot = "";
			targets = (
				EFC8097D1D71460100CBBBAA /* shar-animals */,
			);
		};
/* End PBXProject section */

/* Begin PBXResourcesBuildPhase section */
		EFC8097C1D71460100CBBBAA /* Resources */ = {
			isa = PBXResourcesBuildPhase;
			buildActionMask = 2147483647;
			files = (
				EFC8098F1D71460100CBBBAA /* LaunchScreen.storyboard in Resources */,
				EFC8098C1D71460100CBBBAA /* Assets.xcassets in Resources */,
				EFC809871D71460100CBBBAA /* Main.storyboard in Resources */,
			);
			runOnlyForDeploymentPostprocessing = 0;
		};
/* End PBXResourcesBuildPhase section */

/* Begin PBXSourcesBuildPhase section */
		EFC8097A1D71460100CBBBAA /* Sources */ = {
			isa = PBXSourcesBuildPhase;
			buildActionMask = 2147483647;
			files = (
				EF16EE741D727C7C00154DB3 /* CollectionViewController.swift in Sources */,
				EF16EE761D727C8D00154DB3 /* FirstLaunchViewController.swift in Sources */,
				EFC809841D71460100CBBBAA /* ViewController.swift in Sources */,
				EF16EE7A1D727CF500154DB3 /* MenuViewController.swift in Sources */,
				EFC809821D71460100CBBBAA /* AppDelegate.swift in Sources */,
				EFC8098A1D71460100CBBBAA /* shar_animals.xcdatamodeld in Sources */,
				EF16EE781D727C9B00154DB3 /* PhotoViewController.swift in Sources */,
			);
			runOnlyForDeploymentPostprocessing = 0;
		};
/* End PBXSourcesBuildPhase section */

/* Begin PBXVariantGroup section */
		EFC809851D71460100CBBBAA /* Main.storyboard */ = {
			isa = PBXVariantGroup;
			children = (
				EFC809861D71460100CBBBAA /* Base */,
			);
			name = Main.storyboard;
			sourceTree = "<group>";
		};
		EFC8098D1D71460100CBBBAA /* LaunchScreen.storyboard */ = {
			isa = PBXVariantGroup;
			children = (
				EFC8098E1D71460100CBBBAA /* Base */,
			);
			name = LaunchScreen.storyboard;
			sourceTree = "<group>";
		};
/* End PBXVariantGroup section */

/* Begin XCBuildConfiguration section */
		EFC809911D71460100CBBBAA /* Debug */ = {
			isa = XCBuildConfiguration;
			buildSettings = {
				ALWAYS_SEARCH_USER_PATHS = NO;
				CLANG_ANALYZER_NONNULL = YES;
				CLANG_CXX_LANGUAGE_STANDARD = "gnu++0x";
				CLANG_CXX_LIBRARY = "libc++";
				CLANG_ENABLE_MODULES = YES;
				CLANG_ENABLE_OBJC_ARC = YES;
				CLANG_WARN_BOOL_CONVERSION = YES;
				CLANG_WARN_CONSTANT_CONVERSION = YES;
				CLANG_WARN_DIRECT_OBJC_ISA_USAGE = YES_ERROR;
				CLANG_WARN_EMPTY_BODY = YES;
				CLANG_WARN_ENUM_CONVERSION = YES;
				CLANG_WARN_INT_CONVERSION = YES;
				CLANG_WARN_OBJC_ROOT_CLASS = YES_ERROR;
				CLANG_WARN_UNREACHABLE_CODE = YES;
				CLANG_WARN__DUPLICATE_METHOD_MATCH = YES;
				"CODE_SIGN_IDENTITY[sdk=iphoneos*]" = "iPhone Developer";
				COPY_PHASE_STRIP = NO;
				DEBUG_INFORMATION_FORMAT = dwarf;
				ENABLE_STRICT_OBJC_MSGSEND = YES;
				ENABLE_TESTABILITY = YES;
				GCC_C_LANGUAGE_STANDARD = gnu99;
				GCC_DYNAMIC_NO_PIC = NO;
				GCC_NO_COMMON_BLOCKS = YES;
				GCC_OPTIMIZATION_LEVEL = 0;
				GCC_PREPROCESSOR_DEFINITIONS = (
					"DEBUG=1",
					"$(inherited)",
				);
				GCC_WARN_64_TO_32_BIT_CONVERSION = YES;
				GCC_WARN_ABOUT_RETURN_TYPE = YES_ERROR;
				GCC_WARN_UNDECLARED_SELECTOR = YES;
				GCC_WARN_UNINITIALIZED_AUTOS = YES_AGGRESSIVE;
				GCC_WARN_UNUSED_FUNCTION = YES;
				GCC_WARN_UNUSED_VARIABLE = YES;
				IPHONEOS_DEPLOYMENT_TARGET = 9.3;
				MTL_ENABLE_DEBUG_INFO = YES;
				ONLY_ACTIVE_ARCH = YES;
				SDKROOT = iphoneos;
				SWIFT_OPTIMIZATION_LEVEL = "-Onone";
			};
			name = Debug;
		};
		EFC809921D71460100CBBBAA /* Release */ = {
			isa = XCBuildConfiguration;
			buildSettings = {
				ALWAYS_SEARCH_USER_PATHS = NO;
				CLANG_ANALYZER_NONNULL = YES;
				CLANG_CXX_LANGUAGE_STANDARD = "gnu++0x";
				CLANG_CXX_LIBRARY = "libc++";
				CLANG_ENABLE_MODULES = YES;
				CLANG_ENABLE_OBJC_ARC = YES;
				CLANG_WARN_BOOL_CONVERSION = YES;
				CLANG_WARN_CONSTANT_CONVERSION = YES;
				CLANG_WARN_DIRECT_OBJC_ISA_USAGE = YES_ERROR;
				CLANG_WARN_EMPTY_BODY = YES;
				CLANG_WARN_ENUM_CONVERSION = YES;
				CLANG_WARN_INT_CONVERSION = YES;
				CLANG_WARN_OBJC_ROOT_CLASS = YES_ERROR;
				CLANG_WARN_UNREACHABLE_CODE = YES;
				CLANG_WARN__DUPLICATE_METHOD_MATCH = YES;
				"CODE_SIGN_IDENTITY[sdk=iphoneos*]" = "iPhone Developer";
				COPY_PHASE_STRIP = NO;
				DEBUG_INFORMATION_FORMAT = "dwarf-with-dsym";
				ENABLE_NS_ASSERTIONS = NO;
				ENABLE_STRICT_OBJC_MSGSEND = YES;
				GCC_C_LANGUAGE_STANDARD = gnu99;
				GCC_NO_COMMON_BLOCKS = YES;
				GCC_WARN_64_TO_32_BIT_CONVERSION = YES;
				GCC_WARN_ABOUT_RETURN_TYPE = YES_ERROR;
				GCC_WARN_UNDECLARED_SELECTOR = YES;
				GCC_WARN_UNINITIALIZED_AUTOS = YES_AGGRESSIVE;
				GCC_WARN_UNUSED_FUNCTION = YES;
				GCC_WARN_UNUSED_VARIABLE = YES;
				IPHONEOS_DEPLOYMENT_TARGET = 9.3;
				MTL_ENABLE_DEBUG_INFO = NO;
				SDKROOT = iphoneos;
				VALIDATE_PRODUCT = YES;
			};
			name = Release;
		};
		EFC809941D71460100CBBBAA /* Debug */ = {
			isa = XCBuildConfiguration;
			buildSettings = {
				ASSETCATALOG_COMPILER_APPICON_NAME = AppIcon;
				INFOPLIST_FILE = "shar-animals/Info.plist";
				LD_RUNPATH_SEARCH_PATHS = "$(inherited) @executable_path/Frameworks";
				PRODUCT_BUNDLE_IDENTIFIER = "com.uhack.shar-animals";
				PRODUCT_NAME = "$(TARGET_NAME)";
			};
			name = Debug;
		};
		EFC809951D71460100CBBBAA /* Release */ = {
			isa = XCBuildConfiguration;
			buildSettings = {
				ASSETCATALOG_COMPILER_APPICON_NAME = AppIcon;
				INFOPLIST_FILE = "shar-animals/Info.plist";
				LD_RUNPATH_SEARCH_PATHS = "$(inherited) @executable_path/Frameworks";
				PRODUCT_BUNDLE_IDENTIFIER = "com.uhack.shar-animals";
				PRODUCT_NAME = "$(TARGET_NAME)";
			};
			name = Release;
		};
/* End XCBuildConfiguration section */

/* Begin XCConfigurationList section */
		EFC809791D71460000CBBBAA /* Build configuration list for PBXProject "shar-animals" */ = {
			isa = XCConfigurationList;
			buildConfigurations = (
				EFC809911D71460100CBBBAA /* Debug */,
				EFC809921D71460100CBBBAA /* Release */,
			);
			defaultConfigurationIsVisible = 0;
			defaultConfigurationName = Release;
		};
		EFC809931D71460100CBBBAA /* Build configuration list for PBXNativeTarget "shar-animals" */ = {
			isa = XCConfigurationList;
			buildConfigurations = (
				EFC809941D71460100CBBBAA /* Debug */,
				EFC809951D71460100CBBBAA /* Release */,
			);
			defaultConfigurationIsVisible = 0;
			defaultConfigurationName = Release;
		};
/* End XCConfigurationList section */

/* Begin XCVersionGroup section */
		EFC809881D71460100CBBBAA /* shar_animals.xcdatamodeld */ = {
			isa = XCVersionGroup;
			children = (
				EFC809891D71460100CBBBAA /* shar_animals.xcdatamodel */,
			);
			currentVersion = EFC809891D71460100CBBBAA /* shar_animals.xcdatamodel */;
			path = shar_animals.xcdatamodeld;
			sourceTree = "<group>";
			versionGroupType = wrapper.xcdatamodel;
		};
/* End XCVersionGroup section */
	};
	rootObject = EFC809761D71460000CBBBAA /* Project object */;
}
